
Microsoft Visual Studio Solution File, Format Version 12.00
# Visual Studio Version 16
VisualStudioVersion = 16.0.30503.244
MinimumVisualStudioVersion = 10.0.40219.1
Project("{2150E333-8FDC-42A3-9474-1A3956D46DE8}") = "Solution Items", "Solution Items", "{38D5599E-F411-4A4B-B633-ED48A6A1032A}"
	ProjectSection(SolutionItems) = preProject
		.gitignore = .gitignore
		LICENSE = LICENSE
		README.md = README.md
	EndProjectSection
EndProject
Project("{2150E333-8FDC-42A3-9474-1A3956D46DE8}") = "Tasks", "Tasks", "{ABF1C711-D775-48C8-8182-F30B2A0AB4DC}"
EndProject
Project("{9A19103F-16F7-4668-BE54-9A1E7A4F7556}") = "TeachMeSkills.DotNetStarter.Task24", "src\Starter Task 24\TeachMeSkills.DotNetStarter.Task24.csproj", "{3231FB80-0F77-46BC-9548-51F3B250F8A0}"
EndProject
Project("{9A19103F-16F7-4668-BE54-9A1E7A4F7556}") = "TeachMeSklills.DotNet.Task25", "src\TeachMeSklills.DotNet.Task25\TeachMeSklills.DotNet.Task25.csproj", "{6F5B0CB4-6111-4AE6-8F9C-881C1E0EC78E}"
EndProject
Project("{9A19103F-16F7-4668-BE54-9A1E7A4F7556}") = "TeachMeSkills.DotNet.Task2", "src\TeachMeSkills.DotNet.Task2\TeachMeSkills.DotNet.Task2.csproj", "{DD4DDF0E-3036-436E-B7E7-8EBD77B1D672}"
EndProject
Project("{9A19103F-16F7-4668-BE54-9A1E7A4F7556}") = "TeachMeSkills.DotNet.Task3", "src\TeachMeSkills.DotNet.Task3\TeachMeSkills.DotNet.Task3.csproj", "{8272E94B-EF4F-4370-8386-E669FA2D4B44}"
EndProject
Project("{9A19103F-16F7-4668-BE54-9A1E7A4F7556}") = "TeachMeSkills.DotNet.Task4", "src\TeachMeSkills.DotNet.Task4\TeachMeSkills.DotNet.Task4.csproj", "{7D7FB087-DE41-4644-B1EE-B932DC98BEE3}"
EndProject
Project("{9A19103F-16F7-4668-BE54-9A1E7A4F7556}") = "TeachMeSkills.DotNet.Task6", "src\TeachMeSkills.DotNet.Task6\TeachMeSkills.DotNet.Task6.csproj", "{7550BC5A-CE47-481A-8E18-54012FCAF0A7}"
EndProject
Project("{9A19103F-16F7-4668-BE54-9A1E7A4F7556}") = "TeachMeSkills.DotNet.Task7", "src\TeachMeSkills.DotNet.Task7\TeachMeSkills.DotNet.Task7.csproj", "{2A4CE61B-2024-4DC1-9DA4-315EA5AFDD76}"
EndProject
Project("{9A19103F-16F7-4668-BE54-9A1E7A4F7556}") = "TeachMeSkills.DotNet.Task11", "src\TeachMeSkills.DotNet.Task11\TeachMeSkills.DotNet.Task11.csproj", "{9F7A3E10-FE51-4CDB-88C0-83B1AC48F25C}"
EndProject
Project("{9A19103F-16F7-4668-BE54-9A1E7A4F7556}") = "TeachMeSkills.DotNet.Task13", "src\TeachMeSkills.DotNet.Task13\TeachMeSkills.DotNet.Task13.csproj", "{D770ACCD-C2CF-49E3-BF3F-597F1297EB42}"
EndProject
Project("{9A19103F-16F7-4668-BE54-9A1E7A4F7556}") = "TeachMeSkills.DotNet.Task26", "src\TeachMeSkills.DotNet.Task26\TeachMeSkills.DotNet.Task26.csproj", "{47A69BB7-0B76-41B3-9FB4-36C4B6578447}"
EndProject
Project("{9A19103F-16F7-4668-BE54-9A1E7A4F7556}") = "TeachMeSkills.DotNet.Task27", "src\TeachMeSkills.DotNet.Task27\TeachMeSkills.DotNet.Task27.csproj", "{BED2744F-A931-433B-B860-E6FDD531DE58}"
EndProject
Project("{9A19103F-16F7-4668-BE54-9A1E7A4F7556}") = "TeachMeSkills.DotNet.Task21", "src\TeachMeSkills.DotNet.Task21\TeachMeSkills.DotNet.Task21.csproj", "{FECF7AF7-DE96-4ADA-808E-6BEF6741A600}"
EndProject
Project("{9A19103F-16F7-4668-BE54-9A1E7A4F7556}") = "TeachMeSkills.DotNet.Task19", "src\TeachMeSkills.DotNet.Task19\TeachMeSkills.DotNet.Task19.csproj", "{9495C409-72B9-4E91-9B36-93D9AFFB8922}"
EndProject
Project("{FAE04EC0-301F-11D3-BF4B-00C04F79EFBC}") = "TeachMeSkills.DetNet.Task12", "src\TeachMeSkills.DetNet.Task12\TeachMeSkills.DetNet.Task12.csproj", "{E62633A4-D849-4618-A7C5-4B35DA8A7155}"
EndProject
Global
	GlobalSection(SolutionConfigurationPlatforms) = preSolution
		Debug|Any CPU = Debug|Any CPU
		Release|Any CPU = Release|Any CPU
	EndGlobalSection
	GlobalSection(ProjectConfigurationPlatforms) = postSolution
		{3231FB80-0F77-46BC-9548-51F3B250F8A0}.Debug|Any CPU.ActiveCfg = Debug|Any CPU
		{3231FB80-0F77-46BC-9548-51F3B250F8A0}.Debug|Any CPU.Build.0 = Debug|Any CPU
		{3231FB80-0F77-46BC-9548-51F3B250F8A0}.Release|Any CPU.ActiveCfg = Release|Any CPU
		{3231FB80-0F77-46BC-9548-51F3B250F8A0}.Release|Any CPU.Build.0 = Release|Any CPU
		{6F5B0CB4-6111-4AE6-8F9C-881C1E0EC78E}.Debug|Any CPU.ActiveCfg = Debug|Any CPU
		{6F5B0CB4-6111-4AE6-8F9C-881C1E0EC78E}.Debug|Any CPU.Build.0 = Debug|Any CPU
		{6F5B0CB4-6111-4AE6-8F9C-881C1E0EC78E}.Release|Any CPU.ActiveCfg = Release|Any CPU
		{6F5B0CB4-6111-4AE6-8F9C-881C1E0EC78E}.Release|Any CPU.Build.0 = Release|Any CPU
		{DD4DDF0E-3036-436E-B7E7-8EBD77B1D672}.Debug|Any CPU.ActiveCfg = Debug|Any CPU
		{DD4DDF0E-3036-436E-B7E7-8EBD77B1D672}.Debug|Any CPU.Build.0 = Debug|Any CPU
		{DD4DDF0E-3036-436E-B7E7-8EBD77B1D672}.Release|Any CPU.ActiveCfg = Release|Any CPU
		{DD4DDF0E-3036-436E-B7E7-8EBD77B1D672}.Release|Any CPU.Build.0 = Release|Any CPU
		{8272E94B-EF4F-4370-8386-E669FA2D4B44}.Debug|Any CPU.ActiveCfg = Debug|Any CPU
		{8272E94B-EF4F-4370-8386-E669FA2D4B44}.Debug|Any CPU.Build.0 = Debug|Any CPU
		{8272E94B-EF4F-4370-8386-E669FA2D4B44}.Release|Any CPU.ActiveCfg = Release|Any CPU
		{8272E94B-EF4F-4370-8386-E669FA2D4B44}.Release|Any CPU.Build.0 = Release|Any CPU
		{7D7FB087-DE41-4644-B1EE-B932DC98BEE3}.Debug|Any CPU.ActiveCfg = Debug|Any CPU
		{7D7FB087-DE41-4644-B1EE-B932DC98BEE3}.Debug|Any CPU.Build.0 = Debug|Any CPU
		{7D7FB087-DE41-4644-B1EE-B932DC98BEE3}.Release|Any CPU.ActiveCfg = Release|Any CPU
		{7D7FB087-DE41-4644-B1EE-B932DC98BEE3}.Release|Any CPU.Build.0 = Release|Any CPU
		{7550BC5A-CE47-481A-8E18-54012FCAF0A7}.Debug|Any CPU.ActiveCfg = Debug|Any CPU
		{7550BC5A-CE47-481A-8E18-54012FCAF0A7}.Debug|Any CPU.Build.0 = Debug|Any CPU
		{7550BC5A-CE47-481A-8E18-54012FCAF0A7}.Release|Any CPU.ActiveCfg = Release|Any CPU
		{7550BC5A-CE47-481A-8E18-54012FCAF0A7}.Release|Any CPU.Build.0 = Release|Any CPU
		{2A4CE61B-2024-4DC1-9DA4-315EA5AFDD76}.Debug|Any CPU.ActiveCfg = Debug|Any CPU
		{2A4CE61B-2024-4DC1-9DA4-315EA5AFDD76}.Debug|Any CPU.Build.0 = Debug|Any CPU
		{2A4CE61B-2024-4DC1-9DA4-315EA5AFDD76}.Release|Any CPU.ActiveCfg = Release|Any CPU
		{2A4CE61B-2024-4DC1-9DA4-315EA5AFDD76}.Release|Any CPU.Build.0 = Release|Any CPU
		{9F7A3E10-FE51-4CDB-88C0-83B1AC48F25C}.Debug|Any CPU.ActiveCfg = Debug|Any CPU
		{9F7A3E10-FE51-4CDB-88C0-83B1AC48F25C}.Debug|Any CPU.Build.0 = Debug|Any CPU
		{9F7A3E10-FE51-4CDB-88C0-83B1AC48F25C}.Release|Any CPU.ActiveCfg = Release|Any CPU
		{9F7A3E10-FE51-4CDB-88C0-83B1AC48F25C}.Release|Any CPU.Build.0 = Release|Any CPU
		{D770ACCD-C2CF-49E3-BF3F-597F1297EB42}.Debug|Any CPU.ActiveCfg = Debug|Any CPU
		{D770ACCD-C2CF-49E3-BF3F-597F1297EB42}.Debug|Any CPU.Build.0 = Debug|Any CPU
		{D770ACCD-C2CF-49E3-BF3F-597F1297EB42}.Release|Any CPU.ActiveCfg = Release|Any CPU
		{D770ACCD-C2CF-49E3-BF3F-597F1297EB42}.Release|Any CPU.Build.0 = Release|Any CPU
		{47A69BB7-0B76-41B3-9FB4-36C4B6578447}.Debug|Any CPU.ActiveCfg = Debug|Any CPU
		{47A69BB7-0B76-41B3-9FB4-36C4B6578447}.Debug|Any CPU.Build.0 = Debug|Any CPU
		{47A69BB7-0B76-41B3-9FB4-36C4B6578447}.Release|Any CPU.ActiveCfg = Release|Any CPU
		{47A69BB7-0B76-41B3-9FB4-36C4B6578447}.Release|Any CPU.Build.0 = Release|Any CPU
		{BED2744F-A931-433B-B860-E6FDD531DE58}.Debug|Any CPU.ActiveCfg = Debug|Any CPU
		{BED2744F-A931-433B-B860-E6FDD531DE58}.Debug|Any CPU.Build.0 = Debug|Any CPU
		{BED2744F-A931-433B-B860-E6FDD531DE58}.Release|Any CPU.ActiveCfg = Release|Any CPU
		{BED2744F-A931-433B-B860-E6FDD531DE58}.Release|Any CPU.Build.0 = Release|Any CPU
		{FECF7AF7-DE96-4ADA-808E-6BEF6741A600}.Debug|Any CPU.ActiveCfg = Debug|Any CPU
		{FECF7AF7-DE96-4ADA-808E-6BEF6741A600}.Debug|Any CPU.Build.0 = Debug|Any CPU
		{FECF7AF7-DE96-4ADA-808E-6BEF6741A600}.Release|Any CPU.ActiveCfg = Release|Any CPU
		{FECF7AF7-DE96-4ADA-808E-6BEF6741A600}.Release|Any CPU.Build.0 = Release|Any CPU
		{9495C409-72B9-4E91-9B36-93D9AFFB8922}.Debug|Any CPU.ActiveCfg = Debug|Any CPU
		{9495C409-72B9-4E91-9B36-93D9AFFB8922}.Debug|Any CPU.Build.0 = Debug|Any CPU
		{9495C409-72B9-4E91-9B36-93D9AFFB8922}.Release|Any CPU.ActiveCfg = Release|Any CPU
		{9495C409-72B9-4E91-9B36-93D9AFFB8922}.Release|Any CPU.Build.0 = Release|Any CPU
		{E62633A4-D849-4618-A7C5-4B35DA8A7155}.Debug|Any CPU.ActiveCfg = Debug|Any CPU
		{E62633A4-D849-4618-A7C5-4B35DA8A7155}.Debug|Any CPU.Build.0 = Debug|Any CPU
		{E62633A4-D849-4618-A7C5-4B35DA8A7155}.Release|Any CPU.ActiveCfg = Release|Any CPU
		{E62633A4-D849-4618-A7C5-4B35DA8A7155}.Release|Any CPU.Build.0 = Release|Any CPU
	EndGlobalSection
	GlobalSection(SolutionProperties) = preSolution
		HideSolutionNode = FALSE
	EndGlobalSection
	GlobalSection(NestedProjects) = preSolution
		{3231FB80-0F77-46BC-9548-51F3B250F8A0} = {ABF1C711-D775-48C8-8182-F30B2A0AB4DC}
		{6F5B0CB4-6111-4AE6-8F9C-881C1E0EC78E} = {ABF1C711-D775-48C8-8182-F30B2A0AB4DC}
		{DD4DDF0E-3036-436E-B7E7-8EBD77B1D672} = {ABF1C711-D775-48C8-8182-F30B2A0AB4DC}
		{8272E94B-EF4F-4370-8386-E669FA2D4B44} = {ABF1C711-D775-48C8-8182-F30B2A0AB4DC}
		{7D7FB087-DE41-4644-B1EE-B932DC98BEE3} = {ABF1C711-D775-48C8-8182-F30B2A0AB4DC}
		{7550BC5A-CE47-481A-8E18-54012FCAF0A7} = {ABF1C711-D775-48C8-8182-F30B2A0AB4DC}
		{2A4CE61B-2024-4DC1-9DA4-315EA5AFDD76} = {ABF1C711-D775-48C8-8182-F30B2A0AB4DC}
		{9F7A3E10-FE51-4CDB-88C0-83B1AC48F25C} = {ABF1C711-D775-48C8-8182-F30B2A0AB4DC}
		{D770ACCD-C2CF-49E3-BF3F-597F1297EB42} = {ABF1C711-D775-48C8-8182-F30B2A0AB4DC}
		{47A69BB7-0B76-41B3-9FB4-36C4B6578447} = {ABF1C711-D775-48C8-8182-F30B2A0AB4DC}
		{BED2744F-A931-433B-B860-E6FDD531DE58} = {ABF1C711-D775-48C8-8182-F30B2A0AB4DC}
		{FECF7AF7-DE96-4ADA-808E-6BEF6741A600} = {ABF1C711-D775-48C8-8182-F30B2A0AB4DC}
		{9495C409-72B9-4E91-9B36-93D9AFFB8922} = {ABF1C711-D775-48C8-8182-F30B2A0AB4DC}
		{E62633A4-D849-4618-A7C5-4B35DA8A7155} = {ABF1C711-D775-48C8-8182-F30B2A0AB4DC}
	EndGlobalSection
	GlobalSection(ExtensibilityGlobals) = postSolution
		SolutionGuid = {AB361F5D-A586-489F-BE2A-9BA764BA63B1}
	EndGlobalSection
EndGlobal
